
Microsoft Visual Studio Solution File, Format Version 12.00
# Visual Studio Version 17
VisualStudioVersion = 17.0.31919.166
MinimumVisualStudioVersion = 10.0.40219.1
Project("{FAE04EC0-301F-11D3-BF4B-00C04F79EFBC}") = "CsharpMongoDBAsync", "CsharpMongoDBAsync\CsharpMongoDBAsync.csproj", "{29C405C4-A33F-4A17-AF37-844C53272E7A}"
EndProject
Project("{FAE04EC0-301F-11D3-BF4B-00C04F79EFBC}") = "MongoDBAccess", "MongoDBAccess\MongoDBAccess.csproj", "{B451C796-CE6C-4B32-A5F8-2228B99F1A43}"
EndProject
Project("{2150E333-8FDC-42A3-9474-1A3956D46DE8}") = "Solution Items", "Solution Items", "{5347D176-D76F-46F6-A2FB-A601C35651CE}"
	ProjectSection(SolutionItems) = preProject
		.editorconfig = .editorconfig
	EndProjectSection
EndProject
Global
	GlobalSection(SolutionConfigurationPlatforms) = preSolution
		Debug|Any CPU = Debug|Any CPU
		Release|Any CPU = Release|Any CPU
	EndGlobalSection
	GlobalSection(ProjectConfigurationPlatforms) = postSolution
		{29C405C4-A33F-4A17-AF37-844C53272E7A}.Debug|Any CPU.ActiveCfg = Debug|Any CPU
		{29C405C4-A33F-4A17-AF37-844C53272E7A}.Debug|Any CPU.Build.0 = Debug|Any CPU
		{29C405C4-A33F-4A17-AF37-844C53272E7A}.Release|Any CPU.ActiveCfg = Release|Any CPU
		{29C405C4-A33F-4A17-AF37-844C53272E7A}.Release|Any CPU.Build.0 = Release|Any CPU
		{B451C796-CE6C-4B32-A5F8-2228B99F1A43}.Debug|Any CPU.ActiveCfg = Debug|Any CPU
		{B451C796-CE6C-4B32-A5F8-2228B99F1A43}.Debug|Any CPU.Build.0 = Debug|Any CPU
		{B451C796-CE6C-4B32-A5F8-2228B99F1A43}.Release|Any CPU.ActiveCfg = Release|Any CPU
		{B451C796-CE6C-4B32-A5F8-2228B99F1A43}.Release|Any CPU.Build.0 = Release|Any CPU
	EndGlobalSection
	GlobalSection(SolutionProperties) = preSolution
		HideSolutionNode = FALSE
	EndGlobalSection
	GlobalSection(ExtensibilityGlobals) = postSolution
		SolutionGuid = {78B3CB96-416B-436D-A583-AB4A503E3F04}
	EndGlobalSection
EndGlobal
